// !$*UTF8*$!
{
	archiveVersion = 1;
	classes = {
	};
	objectVersion = 46;
	objects = {

/* Begin PBXBuildFile section */
		A61B42321EC3682B00F1020D /* AppDelegate.swift in Sources */ = {isa = PBXBuildFile; fileRef = A61B42311EC3682B00F1020D /* AppDelegate.swift */; };
		A61B42341EC3682B00F1020D /* ViewController.swift in Sources */ = {isa = PBXBuildFile; fileRef = A61B42331EC3682B00F1020D /* ViewController.swift */; };
		A61B42371EC3682B00F1020D /* Main.storyboard in Resources */ = {isa = PBXBuildFile; fileRef = A61B42351EC3682B00F1020D /* Main.storyboard */; };
		A61B42391EC3682B00F1020D /* Assets.xcassets in Resources */ = {isa = PBXBuildFile; fileRef = A61B42381EC3682B00F1020D /* Assets.xcassets */; };
		A61B423C1EC3682B00F1020D /* LaunchScreen.storyboard in Resources */ = {isa = PBXBuildFile; fileRef = A61B423A1EC3682B00F1020D /* LaunchScreen.storyboard */; };
		A61B42471EC3682B00F1020D /* EmojiOneTests.swift in Sources */ = {isa = PBXBuildFile; fileRef = A61B42461EC3682B00F1020D /* EmojiOneTests.swift */; };
		A61B42531EC368C200F1020D /* EmojiOne.swift in Sources */ = {isa = PBXBuildFile; fileRef = A61B42521EC368C200F1020D /* EmojiOne.swift */; };
		A61B42551EC3A3B000F1020D /* .gitignore in Resources */ = {isa = PBXBuildFile; fileRef = A61B42541EC3A3B000F1020D /* .gitignore */; };
		A61B42611EC50D5C00F1020D /* IconTableViewCell.swift in Sources */ = {isa = PBXBuildFile; fileRef = A61B42601EC50D5C00F1020D /* IconTableViewCell.swift */; };
/* End PBXBuildFile section */

/* Begin PBXContainerItemProxy section */
		A61B42431EC3682B00F1020D /* PBXContainerItemProxy */ = {
			isa = PBXContainerItemProxy;
			containerPortal = A61B42261EC3682B00F1020D /* Project object */;
			proxyType = 1;
			remoteGlobalIDString = A61B422D1EC3682B00F1020D;
			remoteInfo = EmojiOne;
		};
/* End PBXContainerItemProxy section */

/* Begin PBXFileReference section */
		A61B422E1EC3682B00F1020D /* EmojiOne.app */ = {isa = PBXFileReference; explicitFileType = wrapper.application; includeInIndex = 0; path = EmojiOne.app; sourceTree = BUILT_PRODUCTS_DIR; };
		A61B42311EC3682B00F1020D /* AppDelegate.swift */ = {isa = PBXFileReference; lastKnownFileType = sourcecode.swift; path = AppDelegate.swift; sourceTree = "<group>"; };
		A61B42331EC3682B00F1020D /* ViewController.swift */ = {isa = PBXFileReference; lastKnownFileType = sourcecode.swift; path = ViewController.swift; sourceTree = "<group>"; };
		A61B42361EC3682B00F1020D /* Base */ = {isa = PBXFileReference; lastKnownFileType = file.storyboard; name = Base; path = Base.lproj/Main.storyboard; sourceTree = "<group>"; };
		A61B42381EC3682B00F1020D /* Assets.xcassets */ = {isa = PBXFileReference; lastKnownFileType = folder.assetcatalog; path = Assets.xcassets; sourceTree = "<group>"; };
		A61B423B1EC3682B00F1020D /* Base */ = {isa = PBXFileReference; lastKnownFileType = file.storyboard; name = Base; path = Base.lproj/LaunchScreen.storyboard; sourceTree = "<group>"; };
		A61B423D1EC3682B00F1020D /* Info.plist */ = {isa = PBXFileReference; lastKnownFileType = text.plist.xml; path = Info.plist; sourceTree = "<group>"; };
		A61B42421EC3682B00F1020D /* EmojiOneTests.xctest */ = {isa = PBXFileReference; explicitFileType = wrapper.cfbundle; includeInIndex = 0; path = EmojiOneTests.xctest; sourceTree = BUILT_PRODUCTS_DIR; };
		A61B42461EC3682B00F1020D /* EmojiOneTests.swift */ = {isa = PBXFileReference; lastKnownFileType = sourcecode.swift; path = EmojiOneTests.swift; sourceTree = "<group>"; };
		A61B42481EC3682B00F1020D /* Info.plist */ = {isa = PBXFileReference; lastKnownFileType = text.plist.xml; path = Info.plist; sourceTree = "<group>"; };
		A61B42521EC368C200F1020D /* EmojiOne.swift */ = {isa = PBXFileReference; fileEncoding = 4; lastKnownFileType = sourcecode.swift; name = EmojiOne.swift; path = Sources/EmojiOne.swift; sourceTree = "<group>"; };
		A61B42541EC3A3B000F1020D /* .gitignore */ = {isa = PBXFileReference; fileEncoding = 4; lastKnownFileType = text; path = .gitignore; sourceTree = SOURCE_ROOT; };
		A61B42561EC3A3EE00F1020D /* .swift-version */ = {isa = PBXFileReference; fileEncoding = 4; lastKnownFileType = text; path = ".swift-version"; sourceTree = SOURCE_ROOT; };
		A61B42581EC3A41E00F1020D /* .travis.yml */ = {isa = PBXFileReference; fileEncoding = 4; lastKnownFileType = text; path = .travis.yml; sourceTree = SOURCE_ROOT; };
		A61B425A1EC3C29800F1020D /* README.md */ = {isa = PBXFileReference; fileEncoding = 4; lastKnownFileType = net.daringfireball.markdown; path = README.md; sourceTree = SOURCE_ROOT; };
		A61B425C1EC3C2CF00F1020D /* LICENSE */ = {isa = PBXFileReference; fileEncoding = 4; lastKnownFileType = text; path = LICENSE; sourceTree = SOURCE_ROOT; };
		A61B425E1EC3C2FD00F1020D /* CHANGELOG.md */ = {isa = PBXFileReference; fileEncoding = 4; lastKnownFileType = net.daringfireball.markdown; path = CHANGELOG.md; sourceTree = SOURCE_ROOT; };
		A61B42601EC50D5C00F1020D /* IconTableViewCell.swift */ = {isa = PBXFileReference; fileEncoding = 4; lastKnownFileType = sourcecode.swift; path = IconTableViewCell.swift; sourceTree = "<group>"; };
		A61B42641EC5FD2300F1020D /* Package.swift */ = {isa = PBXFileReference; lastKnownFileType = sourcecode.swift; path = Package.swift; sourceTree = SOURCE_ROOT; };
		A61B42651EC6006300F1020D /* EmojiOne.podspec */ = {isa = PBXFileReference; lastKnownFileType = text; path = EmojiOne.podspec; sourceTree = SOURCE_ROOT; };
/* End PBXFileReference section */

/* Begin PBXFrameworksBuildPhase section */
		A61B422B1EC3682B00F1020D /* Frameworks */ = {
			isa = PBXFrameworksBuildPhase;
			buildActionMask = 2147483647;
			files = (
			);
			runOnlyForDeploymentPostprocessing = 0;
		};
		A61B423F1EC3682B00F1020D /* Frameworks */ = {
			isa = PBXFrameworksBuildPhase;
			buildActionMask = 2147483647;
			files = (
			);
			runOnlyForDeploymentPostprocessing = 0;
		};
/* End PBXFrameworksBuildPhase section */

/* Begin PBXGroup section */
		A61B42251EC3682B00F1020D = {
			isa = PBXGroup;
			children = (
				A61B42511EC3689500F1020D /* Sources */,
				A61B42301EC3682B00F1020D /* EmojiOne */,
				A61B42451EC3682B00F1020D /* EmojiOneTests */,
				A61B422F1EC3682B00F1020D /* Products */,
			);
			sourceTree = "<group>";
		};
		A61B422F1EC3682B00F1020D /* Products */ = {
			isa = PBXGroup;
			children = (
				A61B422E1EC3682B00F1020D /* EmojiOne.app */,
				A61B42421EC3682B00F1020D /* EmojiOneTests.xctest */,
			);
			name = Products;
			sourceTree = "<group>";
		};
		A61B42301EC3682B00F1020D /* EmojiOne */ = {
			isa = PBXGroup;
			children = (
				A61B42311EC3682B00F1020D /* AppDelegate.swift */,
				A61B42601EC50D5C00F1020D /* IconTableViewCell.swift */,
				A61B42331EC3682B00F1020D /* ViewController.swift */,
				A61B42351EC3682B00F1020D /* Main.storyboard */,
				A61B42381EC3682B00F1020D /* Assets.xcassets */,
				A61B423A1EC3682B00F1020D /* LaunchScreen.storyboard */,
				A61B423D1EC3682B00F1020D /* Info.plist */,
				A61B42541EC3A3B000F1020D /* .gitignore */,
				A61B42561EC3A3EE00F1020D /* .swift-version */,
				A61B42581EC3A41E00F1020D /* .travis.yml */,
				A61B425A1EC3C29800F1020D /* README.md */,
				A61B425C1EC3C2CF00F1020D /* LICENSE */,
				A61B425E1EC3C2FD00F1020D /* CHANGELOG.md */,
				A61B42641EC5FD2300F1020D /* Package.swift */,
				A61B42651EC6006300F1020D /* EmojiOne.podspec */,
			);
			path = EmojiOne;
			sourceTree = "<group>";
		};
		A61B42451EC3682B00F1020D /* EmojiOneTests */ = {
			isa = PBXGroup;
			children = (
				A61B42461EC3682B00F1020D /* EmojiOneTests.swift */,
				A61B42481EC3682B00F1020D /* Info.plist */,
			);
			path = EmojiOneTests;
			sourceTree = "<group>";
		};
		A61B42511EC3689500F1020D /* Sources */ = {
			isa = PBXGroup;
			children = (
				A61B42521EC368C200F1020D /* EmojiOne.swift */,
			);
			name = Sources;
			sourceTree = "<group>";
		};
/* End PBXGroup section */

/* Begin PBXNativeTarget section */
		A61B422D1EC3682B00F1020D /* EmojiOne */ = {
			isa = PBXNativeTarget;
			buildConfigurationList = A61B424B1EC3682B00F1020D /* Build configuration list for PBXNativeTarget "EmojiOne" */;
			buildPhases = (
				A61B422A1EC3682B00F1020D /* Sources */,
				A61B422B1EC3682B00F1020D /* Frameworks */,
				A61B422C1EC3682B00F1020D /* Resources */,
			);
			buildRules = (
			);
			dependencies = (
			);
			name = EmojiOne;
			productName = EmojiOne;
			productReference = A61B422E1EC3682B00F1020D /* EmojiOne.app */;
			productType = "com.apple.product-type.application";
		};
		A61B42411EC3682B00F1020D /* EmojiOneTests */ = {
			isa = PBXNativeTarget;
			buildConfigurationList = A61B424E1EC3682B00F1020D /* Build configuration list for PBXNativeTarget "EmojiOneTests" */;
			buildPhases = (
				A61B423E1EC3682B00F1020D /* Sources */,
				A61B423F1EC3682B00F1020D /* Frameworks */,
				A61B42401EC3682B00F1020D /* Resources */,
			);
			buildRules = (
			);
			dependencies = (
				A61B42441EC3682B00F1020D /* PBXTargetDependency */,
			);
			name = EmojiOneTests;
			productName = EmojiOneTests;
			productReference = A61B42421EC3682B00F1020D /* EmojiOneTests.xctest */;
			productType = "com.apple.product-type.bundle.unit-test";
		};
/* End PBXNativeTarget section */

/* Begin PBXProject section */
		A61B42261EC3682B00F1020D /* Project object */ = {
			isa = PBXProject;
			attributes = {
				LastSwiftUpdateCheck = 0830;
				LastUpgradeCheck = 0830;
				ORGANIZATIONNAME = "Saurabh Rane";
				TargetAttributes = {
					A61B422D1EC3682B00F1020D = {
						CreatedOnToolsVersion = 8.3.2;
						DevelopmentTeam = YT594STPKB;
						ProvisioningStyle = Automatic;
					};
					A61B42411EC3682B00F1020D = {
						CreatedOnToolsVersion = 8.3.2;
						DevelopmentTeam = YT594STPKB;
						ProvisioningStyle = Automatic;
						TestTargetID = A61B422D1EC3682B00F1020D;
					};
				};
			};
			buildConfigurationList = A61B42291EC3682B00F1020D /* Build configuration list for PBXProject "EmojiOne" */;
			compatibilityVersion = "Xcode 3.2";
			developmentRegion = English;
			hasScannedForEncodings = 0;
			knownRegions = (
				en,
				Base,
			);
			mainGroup = A61B42251EC3682B00F1020D;
			productRefGroup = A61B422F1EC3682B00F1020D /* Products */;
			projectDirPath = "";
			projectRoot = "";
			targets = (
				A61B422D1EC3682B00F1020D /* EmojiOne */,
				A61B42411EC3682B00F1020D /* EmojiOneTests */,
			);
		};
/* End PBXProject section */

/* Begin PBXResourcesBuildPhase section */
		A61B422C1EC3682B00F1020D /* Resources */ = {
			isa = PBXResourcesBuildPhase;
			buildActionMask = 2147483647;
			files = (
				A61B42551EC3A3B000F1020D /* .gitignore in Resources */,
				A61B423C1EC3682B00F1020D /* LaunchScreen.storyboard in Resources */,
				A61B42391EC3682B00F1020D /* Assets.xcassets in Resources */,
				A61B42371EC3682B00F1020D /* Main.storyboard in Resources */,
			);
			runOnlyForDeploymentPostprocessing = 0;
		};
		A61B42401EC3682B00F1020D /* Resources */ = {
			isa = PBXResourcesBuildPhase;
			buildActionMask = 2147483647;
			files = (
			);
			runOnlyForDeploymentPostprocessing = 0;
		};
/* End PBXResourcesBuildPhase section */

/* Begin PBXSourcesBuildPhase section */
		A61B422A1EC3682B00F1020D /* Sources */ = {
			isa = PBXSourcesBuildPhase;
			buildActionMask = 2147483647;
			files = (
				A61B42341EC3682B00F1020D /* ViewController.swift in Sources */,
				A61B42321EC3682B00F1020D /* AppDelegate.swift in Sources */,
				A61B42611EC50D5C00F1020D /* IconTableViewCell.swift in Sources */,
				A61B42531EC368C200F1020D /* EmojiOne.swift in Sources */,
			);
			runOnlyForDeploymentPostprocessing = 0;
		};
		A61B423E1EC3682B00F1020D /* Sources */ = {
			isa = PBXSourcesBuildPhase;
			buildActionMask = 2147483647;
			files = (
				A61B42471EC3682B00F1020D /* EmojiOneTests.swift in Sources */,
			);
			runOnlyForDeploymentPostprocessing = 0;
		};
/* End PBXSourcesBuildPhase section */

/* Begin PBXTargetDependency section */
		A61B42441EC3682B00F1020D /* PBXTargetDependency */ = {
			isa = PBXTargetDependency;
			target = A61B422D1EC3682B00F1020D /* EmojiOne */;
			targetProxy = A61B42431EC3682B00F1020D /* PBXContainerItemProxy */;
		};
/* End PBXTargetDependency section */

/* Begin PBXVariantGroup section */
		A61B42351EC3682B00F1020D /* Main.storyboard */ = {
			isa = PBXVariantGroup;
			children = (
				A61B42361EC3682B00F1020D /* Base */,
			);
			name = Main.storyboard;
			sourceTree = "<group>";
		};
		A61B423A1EC3682B00F1020D /* LaunchScreen.storyboard */ = {
			isa = PBXVariantGroup;
			children = (
				A61B423B1EC3682B00F1020D /* Base */,
			);
			name = LaunchScreen.storyboard;
			sourceTree = "<group>";
		};
/* End PBXVariantGroup section */

/* Begin XCBuildConfiguration section */
		A61B42491EC3682B00F1020D /* Debug */ = {
			isa = XCBuildConfiguration;
			buildSettings = {
				ALWAYS_SEARCH_USER_PATHS = NO;
				CLANG_ANALYZER_NONNULL = YES;
				CLANG_ANALYZER_NUMBER_OBJECT_CONVERSION = YES_AGGRESSIVE;
				CLANG_CXX_LANGUAGE_STANDARD = "gnu++0x";
				CLANG_CXX_LIBRARY = "libc++";
				CLANG_ENABLE_MODULES = YES;
				CLANG_ENABLE_OBJC_ARC = YES;
				CLANG_WARN_BOOL_CONVERSION = YES;
				CLANG_WARN_CONSTANT_CONVERSION = YES;
				CLANG_WARN_DIRECT_OBJC_ISA_USAGE = YES_ERROR;
				CLANG_WARN_DOCUMENTATION_COMMENTS = YES;
				CLANG_WARN_EMPTY_BODY = YES;
				CLANG_WARN_ENUM_CONVERSION = YES;
				CLANG_WARN_INFINITE_RECURSION = YES;
				CLANG_WARN_INT_CONVERSION = YES;
				CLANG_WARN_OBJC_ROOT_CLASS = YES_ERROR;
				CLANG_WARN_SUSPICIOUS_MOVE = YES;
				CLANG_WARN_UNREACHABLE_CODE = YES;
				CLANG_WARN__DUPLICATE_METHOD_MATCH = YES;
				"CODE_SIGN_IDENTITY[sdk=iphoneos*]" = "iPhone Developer";
				COPY_PHASE_STRIP = NO;
				DEBUG_INFORMATION_FORMAT = dwarf;
				ENABLE_STRICT_OBJC_MSGSEND = YES;
				ENABLE_TESTABILITY = YES;
				GCC_C_LANGUAGE_STANDARD = gnu99;
				GCC_DYNAMIC_NO_PIC = NO;
				GCC_NO_COMMON_BLOCKS = YES;
				GCC_OPTIMIZATION_LEVEL = 0;
				GCC_PREPROCESSOR_DEFINITIONS = (
					"DEBUG=1",
					"$(inherited)",
				);
				GCC_WARN_64_TO_32_BIT_CONVERSION = YES;
				GCC_WARN_ABOUT_RETURN_TYPE = YES_ERROR;
				GCC_WARN_UNDECLARED_SELECTOR = YES;
				GCC_WARN_UNINITIALIZED_AUTOS = YES_AGGRESSIVE;
				GCC_WARN_UNUSED_FUNCTION = YES;
				GCC_WARN_UNUSED_VARIABLE = YES;
				IPHONEOS_DEPLOYMENT_TARGET = 10.3;
				MTL_ENABLE_DEBUG_INFO = YES;
				ONLY_ACTIVE_ARCH = YES;
				SDKROOT = iphoneos;
				SWIFT_ACTIVE_COMPILATION_CONDITIONS = DEBUG;
				SWIFT_OPTIMIZATION_LEVEL = "-Onone";
			};
			name = Debug;
		};
		A61B424A1EC3682B00F1020D /* Release */ = {
			isa = XCBuildConfiguration;
			buildSettings = {
				ALWAYS_SEARCH_USER_PATHS = NO;
				CLANG_ANALYZER_NONNULL = YES;
				CLANG_ANALYZER_NUMBER_OBJECT_CONVERSION = YES_AGGRESSIVE;
				CLANG_CXX_LANGUAGE_STANDARD = "gnu++0x";
				CLANG_CXX_LIBRARY = "libc++";
				CLANG_ENABLE_MODULES = YES;
				CLANG_ENABLE_OBJC_ARC = YES;
				CLANG_WARN_BOOL_CONVERSION = YES;
				CLANG_WARN_CONSTANT_CONVERSION = YES;
				CLANG_WARN_DIRECT_OBJC_ISA_USAGE = YES_ERROR;
				CLANG_WARN_DOCUMENTATION_COMMENTS = YES;
				CLANG_WARN_EMPTY_BODY = YES;
				CLANG_WARN_ENUM_CONVERSION = YES;
				CLANG_WARN_INFINITE_RECURSION = YES;
				CLANG_WARN_INT_CONVERSION = YES;
				CLANG_WARN_OBJC_ROOT_CLASS = YES_ERROR;
				CLANG_WARN_SUSPICIOUS_MOVE = YES;
				CLANG_WARN_UNREACHABLE_CODE = YES;
				CLANG_WARN__DUPLICATE_METHOD_MATCH = YES;
				"CODE_SIGN_IDENTITY[sdk=iphoneos*]" = "iPhone Developer";
				COPY_PHASE_STRIP = NO;
				DEBUG_INFORMATION_FORMAT = "dwarf-with-dsym";
				ENABLE_NS_ASSERTIONS = NO;
				ENABLE_STRICT_OBJC_MSGSEND = YES;
				GCC_C_LANGUAGE_STANDARD = gnu99;
				GCC_NO_COMMON_BLOCKS = YES;
				GCC_WARN_64_TO_32_BIT_CONVERSION = YES;
				GCC_WARN_ABOUT_RETURN_TYPE = YES_ERROR;
				GCC_WARN_UNDECLARED_SELECTOR = YES;
				GCC_WARN_UNINITIALIZED_AUTOS = YES_AGGRESSIVE;
				GCC_WARN_UNUSED_FUNCTION = YES;
				GCC_WARN_UNUSED_VARIABLE = YES;
				IPHONEOS_DEPLOYMENT_TARGET = 10.3;
				MTL_ENABLE_DEBUG_INFO = NO;
				SDKROOT = iphoneos;
				SWIFT_OPTIMIZATION_LEVEL = "-Owholemodule";
				VALIDATE_PRODUCT = YES;
			};
			name = Release;
		};
		A61B424C1EC3682B00F1020D /* Debug */ = {
			isa = XCBuildConfiguration;
			buildSettings = {
				ASSETCATALOG_COMPILER_APPICON_NAME = AppIcon;
				DEVELOPMENT_TEAM = YT594STPKB;
				INFOPLIST_FILE = EmojiOne/Info.plist;
				LD_RUNPATH_SEARCH_PATHS = "$(inherited) @executable_path/Frameworks";
				PRODUCT_BUNDLE_IDENTIFIER = com.ranesr.EmojiOne;
				PRODUCT_NAME = "$(TARGET_NAME)";
				SWIFT_VERSION = 3.0;
			};
			name = Debug;
		};
		A61B424D1EC3682B00F1020D /* Release */ = {
			isa = XCBuildConfiguration;
			buildSettings = {
				ASSETCATALOG_COMPILER_APPICON_NAME = AppIcon;
				DEVELOPMENT_TEAM = YT594STPKB;
				INFOPLIST_FILE = EmojiOne/Info.plist;
				LD_RUNPATH_SEARCH_PATHS = "$(inherited) @executable_path/Frameworks";
				PRODUCT_BUNDLE_IDENTIFIER = com.ranesr.EmojiOne;
				PRODUCT_NAME = "$(TARGET_NAME)";
				SWIFT_VERSION = 3.0;
			};
			name = Release;
		};
		A61B424F1EC3682B00F1020D /* Debug */ = {
			isa = XCBuildConfiguration;
			buildSettings = {
				ALWAYS_EMBED_SWIFT_STANDARD_LIBRARIES = YES;
				BUNDLE_LOADER = "$(TEST_HOST)";
				DEVELOPMENT_TEAM = YT594STPKB;
				INFOPLIST_FILE = EmojiOneTests/Info.plist;
				LD_RUNPATH_SEARCH_PATHS = "$(inherited) @executable_path/Frameworks @loader_path/Frameworks";
				PRODUCT_BUNDLE_IDENTIFIER = com.ranesr.EmojiOneTests;
				PRODUCT_NAME = "$(TARGET_NAME)";
				SWIFT_VERSION = 3.0;
				TEST_HOST = "$(BUILT_PRODUCTS_DIR)/EmojiOne.app/EmojiOne";
			};
			name = Debug;
		};
		A61B42501EC3682B00F1020D /* Release */ = {
			isa = XCBuildConfiguration;
			buildSettings = {
				ALWAYS_EMBED_SWIFT_STANDARD_LIBRARIES = YES;
				BUNDLE_LOADER = "$(TEST_HOST)";
				DEVELOPMENT_TEAM = YT594STPKB;
				INFOPLIST_FILE = EmojiOneTests/Info.plist;
				LD_RUNPATH_SEARCH_PATHS = "$(inherited) @executable_path/Frameworks @loader_path/Frameworks";
				PRODUCT_BUNDLE_IDENTIFIER = com.ranesr.EmojiOneTests;
				PRODUCT_NAME = "$(TARGET_NAME)";
				SWIFT_VERSION = 3.0;
				TEST_HOST = "$(BUILT_PRODUCTS_DIR)/EmojiOne.app/EmojiOne";
			};
			name = Release;
		};
/* End XCBuildConfiguration section */

/* Begin XCConfigurationList section */
		A61B42291EC3682B00F1020D /* Build configuration list for PBXProject "EmojiOne" */ = {
			isa = XCConfigurationList;
			buildConfigurations = (
				A61B42491EC3682B00F1020D /* Debug */,
				A61B424A1EC3682B00F1020D /* Release */,
			);
			defaultConfigurationIsVisible = 0;
			defaultConfigurationName = Release;
		};
		A61B424B1EC3682B00F1020D /* Build configuration list for PBXNativeTarget "EmojiOne" */ = {
			isa = XCConfigurationList;
			buildConfigurations = (
				A61B424C1EC3682B00F1020D /* Debug */,
				A61B424D1EC3682B00F1020D /* Release */,
			);
			defaultConfigurationIsVisible = 0;
		};
		A61B424E1EC3682B00F1020D /* Build configuration list for PBXNativeTarget "EmojiOneTests" */ = {
			isa = XCConfigurationList;
			buildConfigurations = (
				A61B424F1EC3682B00F1020D /* Debug */,
				A61B42501EC3682B00F1020D /* Release */,
			);
			defaultConfigurationIsVisible = 0;
		};
/* End XCConfigurationList section */
	};
	rootObject = A61B42261EC3682B00F1020D /* Project object */;
}
